
Microsoft Visual Studio Solution File, Format Version 12.00
# Visual Studio Version 17
VisualStudioVersion = 17.4.33213.308
MinimumVisualStudioVersion = 10.0.40219.1
Project("{8BC9CEB8-8B4A-11D0-8D11-00A0C91BC942}") = "Homework 2", "Homework 2.vcxproj", "{E51E211B-0C3C-4F22-9D4A-BBF4317286AD}"
EndProject
Global
	GlobalSection(SolutionConfigurationPlatforms) = preSolution
		Debug|x64 = Debug|x64
		Debug|x86 = Debug|x86
		Release|x64 = Release|x64
		Release|x86 = Release|x86
	EndGlobalSection
	GlobalSection(ProjectConfigurationPlatforms) = postSolution
		{E51E211B-0C3C-4F22-9D4A-BBF4317286AD}.Debug|x64.ActiveCfg = Debug|x64
		{E51E211B-0C3C-4F22-9D4A-BBF4317286AD}.Debug|x64.Build.0 = Debug|x64
		{E51E211B-0C3C-4F22-9D4A-BBF4317286AD}.Debug|x86.ActiveCfg = Debug|Win32
		{E51E211B-0C3C-4F22-9D4A-BBF4317286AD}.Debug|x86.Build.0 = Debug|Win32
		{E51E211B-0C3C-4F22-9D4A-BBF4317286AD}.Release|x64.ActiveCfg = Release|x64
		{E51E211B-0C3C-4F22-9D4A-BBF4317286AD}.Release|x64.Build.0 = Release|x64
		{E51E211B-0C3C-4F22-9D4A-BBF4317286AD}.Release|x86.ActiveCfg = Release|Win32
		{E51E211B-0C3C-4F22-9D4A-BBF4317286AD}.Release|x86.Build.0 = Release|Win32
	EndGlobalSection
	GlobalSection(SolutionProperties) = preSolution
		HideSolutionNode = FALSE
	EndGlobalSection
	GlobalSection(ExtensibilityGlobals) = postSolution
		SolutionGuid = {40470FC6-878C-4504-BFB4-603EC41890F8}
	EndGlobalSection
EndGlobal
